{
  "name": "Ticketing-main",
  "lockfileVersion": 2,
  "requires": true,
  "packages": {
    "": {
      "devDependencies": {
        "@types/bull": "^3.15.8"
      }
    },
    "node_modules/@types/bull": {
      "version": "3.15.8",
      "resolved": "https://registry.npmmirror.com/@types/bull/-/bull-3.15.8.tgz",
      "integrity": "sha512-8DbSPMSsZH5PWPnGEkAZLYgJEH4ghHJNKF7LB6Wr5R0/v6g+Vs+JoaA7kcvLtHE936xg2WpFPkaoaJgExOmKDw==",
      "dev": true,
      "dependencies": {
        "@types/ioredis": "*",
        "@types/redis": "^2.8.0"
      }
    },
    "node_modules/@types/ioredis": {
      "version": "4.28.10",
      "resolved": "https://registry.npmmirror.com/@types/ioredis/-/ioredis-4.28.10.tgz",
      "integrity": "sha512-69LyhUgrXdgcNDv7ogs1qXZomnfOEnSmrmMFqKgt1XMJxmoOSG/u3wYy13yACIfKuMJ8IhKgHafDO3sx19zVQQ==",
      "dev": true,
      "dependencies": {
        "@types/node": "*"
      }
    },
    "node_modules/@types/node": {
      "version": "17.0.42",
      "resolved": "https://registry.npmmirror.com/@types/node/-/node-17.0.42.tgz",
      "integrity": "sha512-Q5BPGyGKcvQgAMbsr7qEGN/kIPN6zZecYYABeTDBizOsau+2NMdSVTar9UQw21A2+JyA2KRNDYaYrPB0Rpk2oQ==",
      "dev": true
    },
    "node_modules/@types/redis": {
      "version": "2.8.32",
      "resolved": "https://registry.npmmirror.com/@types/redis/-/redis-2.8.32.tgz",
      "integrity": "sha512-7jkMKxcGq9p242exlbsVzuJb57KqHRhNl4dHoQu2Y5v9bCAbtIXXH0R3HleSQW4CTOqpHIYUW3t6tpUj4BVQ+w==",
      "dev": true,
      "dependencies": {
        "@types/node": "*"
      }
    }
  },
  "dependencies": {
    "@types/bull": {
      "version": "3.15.8",
      "resolved": "https://registry.npmmirror.com/@types/bull/-/bull-3.15.8.tgz",
      "integrity": "sha512-8DbSPMSsZH5PWPnGEkAZLYgJEH4ghHJNKF7LB6Wr5R0/v6g+Vs+JoaA7kcvLtHE936xg2WpFPkaoaJgExOmKDw==",
      "dev": true,
      "requires": {
        "@types/ioredis": "*",
        "@types/redis": "^2.8.0"
      }
    },
    "@types/ioredis": {
      "version": "4.28.10",
      "resolved": "https://registry.npmmirror.com/@types/ioredis/-/ioredis-4.28.10.tgz",
      "integrity": "sha512-69LyhUgrXdgcNDv7ogs1qXZomnfOEnSmrmMFqKgt1XMJxmoOSG/u3wYy13yACIfKuMJ8IhKgHafDO3sx19zVQQ==",
      "dev": true,
      "requires": {
        "@types/node": "*"
      }
    },
    "@types/node": {
      "version": "17.0.42",
      "resolved": "https://registry.npmmirror.com/@types/node/-/node-17.0.42.tgz",
      "integrity": "sha512-Q5BPGyGKcvQgAMbsr7qEGN/kIPN6zZecYYABeTDBizOsau+2NMdSVTar9UQw21A2+JyA2KRNDYaYrPB0Rpk2oQ==",
      "dev": true
    },
    "@types/redis": {
      "version": "2.8.32",
      "resolved": "https://registry.npmmirror.com/@types/redis/-/redis-2.8.32.tgz",
      "integrity": "sha512-7jkMKxcGq9p242exlbsVzuJb57KqHRhNl4dHoQu2Y5v9bCAbtIXXH0R3HleSQW4CTOqpHIYUW3t6tpUj4BVQ+w==",
      "dev": true,
      "requires": {
        "@types/node": "*"
      }
    }
  }
}
